
Microsoft Visual Studio Solution File, Format Version 12.00
# Visual Studio 15
VisualStudioVersion = 15.0.28307.168
MinimumVisualStudioVersion = 10.0.40219.1
Project("{FAE04EC0-301F-11D3-BF4B-00C04F79EFBC}") = "RelinqTest", "RelinqTest\RelinqTest.csproj", "{F801B708-DAFE-4EB4-BE4C-64F6DEF013C4}"
EndProject
Project("{FAE04EC0-301F-11D3-BF4B-00C04F79EFBC}") = "RelinqTest2", "RelinqTest2\RelinqTest2.csproj", "{CF58C912-67D7-4203-9D43-4D50D14EE554}"
EndProject
Global
	GlobalSection(SolutionConfigurationPlatforms) = preSolution
		Debug|Any CPU = Debug|Any CPU
		Release|Any CPU = Release|Any CPU
	EndGlobalSection
	GlobalSection(ProjectConfigurationPlatforms) = postSolution
		{F801B708-DAFE-4EB4-BE4C-64F6DEF013C4}.Debug|Any CPU.ActiveCfg = Debug|Any CPU
		{F801B708-DAFE-4EB4-BE4C-64F6DEF013C4}.Debug|Any CPU.Build.0 = Debug|Any CPU
		{F801B708-DAFE-4EB4-BE4C-64F6DEF013C4}.Release|Any CPU.ActiveCfg = Release|Any CPU
		{F801B708-DAFE-4EB4-BE4C-64F6DEF013C4}.Release|Any CPU.Build.0 = Release|Any CPU
		{CF58C912-67D7-4203-9D43-4D50D14EE554}.Debug|Any CPU.ActiveCfg = Debug|Any CPU
		{CF58C912-67D7-4203-9D43-4D50D14EE554}.Debug|Any CPU.Build.0 = Debug|Any CPU
		{CF58C912-67D7-4203-9D43-4D50D14EE554}.Release|Any CPU.ActiveCfg = Release|Any CPU
		{CF58C912-67D7-4203-9D43-4D50D14EE554}.Release|Any CPU.Build.0 = Release|Any CPU
	EndGlobalSection
	GlobalSection(SolutionProperties) = preSolution
		HideSolutionNode = FALSE
	EndGlobalSection
	GlobalSection(ExtensibilityGlobals) = postSolution
		SolutionGuid = {0E43819D-CE70-4CC5-9BCA-97D4C6A93538}
	EndGlobalSection
EndGlobal
